
Microsoft Visual Studio Solution File, Format Version 12.00
# Visual Studio Version 17
VisualStudioVersion = 17.7.34202.233
MinimumVisualStudioVersion = 10.0.40219.1
Project("{FAE04EC0-301F-11D3-BF4B-00C04F79EFBC}") = "Dinvoke_Test", "Dinvoke_Test\Dinvoke_Test.csproj", "{A5C2393D-0DB7-4B73-A8A1-B81973151A22}"
EndProject
Global
	GlobalSection(SolutionConfigurationPlatforms) = preSolution
		Debug|Any CPU = Debug|Any CPU
		Debug|x64 = Debug|x64
		Release|Any CPU = Release|Any CPU
		Release|x64 = Release|x64
	EndGlobalSection
	GlobalSection(ProjectConfigurationPlatforms) = postSolution
		{A5C2393D-0DB7-4B73-A8A1-B81973151A22}.Debug|Any CPU.ActiveCfg = Debug|Any CPU
		{A5C2393D-0DB7-4B73-A8A1-B81973151A22}.Debug|Any CPU.Build.0 = Debug|Any CPU
		{A5C2393D-0DB7-4B73-A8A1-B81973151A22}.Debug|x64.ActiveCfg = Debug|x64
		{A5C2393D-0DB7-4B73-A8A1-B81973151A22}.Debug|x64.Build.0 = Debug|x64
		{A5C2393D-0DB7-4B73-A8A1-B81973151A22}.Release|Any CPU.ActiveCfg = Release|Any CPU
		{A5C2393D-0DB7-4B73-A8A1-B81973151A22}.Release|Any CPU.Build.0 = Release|Any CPU
		{A5C2393D-0DB7-4B73-A8A1-B81973151A22}.Release|x64.ActiveCfg = Release|x64
		{A5C2393D-0DB7-4B73-A8A1-B81973151A22}.Release|x64.Build.0 = Release|x64
	EndGlobalSection
	GlobalSection(SolutionProperties) = preSolution
		HideSolutionNode = FALSE
	EndGlobalSection
	GlobalSection(ExtensibilityGlobals) = postSolution
		SolutionGuid = {91B00C61-505A-4352-BC49-B531352E1E80}
	EndGlobalSection
EndGlobal
